lockfileVersion: '9.0'

settings:
  autoInstallPeers: true
  excludeLinksFromLockfile: false

importers:

  .:
    dependencies:
      '@jinsiyu/dshcs-cpu-features':
        specifier: 0.0.10
        version: 0.0.10
      '@jinsiyu/dshcs-koffi':
        specifier: 3.1.2
        version: 3.1.2
      '@jinsiyu/dshcs-microsoft-mxc-sdk':
        specifier: 0.8.0
        version: 0.8.0
      '@jinsiyu/dshcs-node-pty':
        specifier: 1.2.0-beta.15
        version: 1.2.0-beta.15
      '@jinsiyu/dshcs-parcel-watcher':
        specifier: 2.5.6
        version: 2.5.6
      '@jinsiyu/dshcs-ssh2':
        specifier: 1.17.0
        version: 1.17.0
      '@jinsiyu/dshcs-vscode-fs-copyfile':
        specifier: 2.0.0
        version: 2.0.0
      '@jinsiyu/dshcs-vscode-proxy-agent':
        specifier: 0.44.0
        version: 0.44.0
      '@jinsiyu/dshcs-vscode-server':
        specifier: 4.137.0
        version: 4.137.0
      '@microsoft/1ds-core-js':
        specifier: 3.2.13
        version: 3.2.13(tslib@2.8.1)
      '@microsoft/1ds-post-js':
        specifier: 3.2.13
        version: 3.2.13(tslib@2.8.1)
      '@vscode/iconv-lite-umd':
        specifier: 0.7.1
        version: 0.7.1
      '@vscode/ripgrep-universal':
        specifier: 1.18.0
        version: 1.18.0
      '@vscode/sandbox-runtime':
        specifier: 0.0.1
        version: 0.0.1
      '@vscode/tree-sitter-wasm':
        specifier: 0.3.1
        version: 0.3.1
      '@vscode/vscode-languagedetection':
        specifier: 1.0.23
        version: 1.0.23
      '@xterm/addon-clipboard':
        specifier: 0.3.0-beta.302
        version: 0.3.0-beta.302(@xterm/xterm@6.1.0-beta.303)
      '@xterm/addon-image':
        specifier: 0.10.0-beta.300
        version: 0.10.0-beta.300(@xterm/xterm@6.1.0-beta.303)
      '@xterm/addon-ligatures':
        specifier: 0.11.0-beta.300
        version: 0.11.0-beta.300(@xterm/xterm@6.1.0-beta.303)
      '@xterm/addon-progress':
        specifier: 0.3.0-beta.300
        version: 0.3.0-beta.300(@xterm/xterm@6.1.0-beta.303)
      '@xterm/addon-search':
        specifier: 0.17.0-beta.300
        version: 0.17.0-beta.300(@xterm/xterm@6.1.0-beta.303)
      '@xterm/addon-serialize':
        specifier: 0.15.0-beta.300
        version: 0.15.0-beta.300(@xterm/xterm@6.1.0-beta.303)
      '@xterm/addon-unicode11':
        specifier: 0.10.0-beta.300
        version: 0.10.0-beta.300(@xterm/xterm@6.1.0-beta.303)
      '@xterm/addon-webgl':
        specifier: 0.20.0-beta.299
        version: 0.20.0-beta.299(@xterm/xterm@6.1.0-beta.303)
      '@xterm/headless':
        specifier: 6.1.0-beta.302
        version: 6.1.0-beta.302
      '@xterm/xterm':
        specifier: 6.1.0-beta.303
        version: 6.1.0-beta.303
      bindings:
        specifier: 1.5.0
        version: 1.5.0
      cookie:
        specifier: 0.7.2
        version: 0.7.2
      detect-libc:
        specifier: 2.1.2
        version: 2.1.2
      fs-extra:
        specifier: 11.4.0
        version: 11.4.0
      http-proxy-agent:
        specifier: 7.0.0
        version: 7.0.0
      https-proxy-agent:
        specifier: 7.0.2
        version: 7.0.2
      jschardet:
        specifier: 3.1.4
        version: 3.1.4
      minimist:
        specifier: 1.2.8
        version: 1.2.8
      mkdirp:
        specifier: 1.0.4
        version: 1.0.4
      node-addon-api:
        specifier: 6.1.0
        version: 6.1.0
      tar:
        specifier: 7.5.22
        version: 7.5.22
      tas-client:
        specifier: 0.4.3
        version: 0.4.3
      tslib:
        specifier: 2.8.1
        version: 2.8.1
      typescript:
        specifier: 6.0.3
        version: 6.0.3
      uuid:
        specifier: 14.0.2
        version: 14.0.2
      vscode-oniguruma:
        specifier: 1.7.0
        version: 1.7.0
      vscode-regexpp:
        specifier: 3.1.0
        version: 3.1.0
      vscode-textmate:
        specifier: 9.3.2
        version: 9.3.2
      ws:
        specifier: 8.21.0
        version: 8.21.0
      yauzl:
        specifier: 3.3.1
        version: 3.3.1
      yazl:
        specifier: 2.4.3
        version: 2.4.3
      zod:
        specifier: 4.4.3
        version: 4.4.3
    devDependencies:
      '@deepseek-ai/schemastery':
        specifier: 3.18.2
        version: 3.18.2
    optionalDependencies:
      '@jinsiyu/dshcs-kerberos-linux-arm64':
        specifier: 2.1.1-dshcs.1
        version: 2.1.1-dshcs.1
      '@jinsiyu/dshcs-kerberos-linux-x64':
        specifier: 2.1.1-dshcs.1
        version: 2.1.1-dshcs.1
      '@jinsiyu/dshcs-kerberos-win32-arm64':
        specifier: 2.1.1-dshcs.1
        version: 2.1.1-dshcs.1
      '@jinsiyu/dshcs-kerberos-win32-x64':
        specifier: 2.1.1-dshcs.1
        version: 2.1.1-dshcs.1
      '@jinsiyu/dshcs-vscode-deviceid-linux-arm64':
        specifier: 0.1.5
        version: 0.1.5
      '@jinsiyu/dshcs-vscode-deviceid-linux-x64':
        specifier: 0.1.5
        version: 0.1.5
      '@jinsiyu/dshcs-vscode-deviceid-win32-arm64':
        specifier: 0.1.5
        version: 0.1.5
      '@jinsiyu/dshcs-vscode-deviceid-win32-x64':
        specifier: 0.1.5
        version: 0.1.5
      '@jinsiyu/dshcs-vscode-native-watchdog-linux-arm64':
        specifier: 1.4.6
        version: 1.4.6
      '@jinsiyu/dshcs-vscode-native-watchdog-linux-x64':
        specifier: 1.4.6
        version: 1.4.6
      '@jinsiyu/dshcs-vscode-native-watchdog-win32-arm64':
        specifier: 1.4.6
        version: 1.4.6
      '@jinsiyu/dshcs-vscode-native-watchdog-win32-x64':
        specifier: 1.4.6
        version: 1.4.6
      '@jinsiyu/dshcs-vscode-spdlog-linux-arm64':
        specifier: 0.15.8
        version: 0.15.8
      '@jinsiyu/dshcs-vscode-spdlog-linux-x64':
        specifier: 0.15.8
        version: 0.15.8
      '@jinsiyu/dshcs-vscode-spdlog-win32-arm64':
        specifier: 0.15.8
        version: 0.15.8
      '@jinsiyu/dshcs-vscode-spdlog-win32-x64':
        specifier: 0.15.8
        version: 0.15.8
      '@jinsiyu/dshcs-vscode-sqlite3-linux-arm64':
        specifier: 5.1.12-vscode
        version: 5.1.12-vscode
      '@jinsiyu/dshcs-vscode-sqlite3-linux-x64':
        specifier: 5.1.12-vscode
        version: 5.1.12-vscode
      '@jinsiyu/dshcs-vscode-sqlite3-win32-arm64':
        specifier: 5.1.12-vscode
        version: 5.1.12-vscode
      '@jinsiyu/dshcs-vscode-sqlite3-win32-x64':
        specifier: 5.1.12-vscode
        version: 5.1.12-vscode
      '@jinsiyu/dshcs-vscode-windows-ca-certs-win32-arm64':
        specifier: 0.3.4
        version: 0.3.4
      '@jinsiyu/dshcs-vscode-windows-ca-certs-win32-x64':
        specifier: 0.3.4
        version: 0.3.4
      '@jinsiyu/dshcs-vscode-windows-process-tree-win32-arm64':
        specifier: 0.8.0
        version: 0.8.0
      '@jinsiyu/dshcs-vscode-windows-process-tree-win32-x64':
        specifier: 0.8.0
        version: 0.8.0
      '@jinsiyu/dshcs-vscode-windows-registry-win32-arm64':
        specifier: 1.2.0
        version: 1.2.0
      '@jinsiyu/dshcs-vscode-windows-registry-win32-x64':
        specifier: 1.2.0
        version: 1.2.0

packages:

  '@deepseek-ai/cosmokit@1.8.3':
    resolution: {integrity: sha512-qBo+ronVM6Eu2WNVJXi8JcMiqZ19T9BRIpV+5qJUFPXjGH/Z0QKcQMC/IZJ7L394YTOtJgcovbk9qP0w2GsBXQ==}

  '@deepseek-ai/schemastery@3.18.2':
    resolution: {integrity: sha512-njDtZsznjYxok7KLLlHOPyuv2efdWVbSflAHgztSfbMsg+CVraEoRe2DjOCgClYv3ZCSm7WXoaUkbB/+RY7tWQ==}

  '@isaacs/fs-minipass@4.0.1':
    resolution: {integrity: sha512-wgm9Ehl2jpeqP3zw/7mo3kRHFp5MEDhqAdwy1fTGkHAwnkGOVsgpvQhL8B5n1qlb01jV3n/bI0ZfZp5lWA1k4w==}
    engines: {node: '>=18.0.0'}

  '@jinsiyu/dshcs-cpu-features@0.0.10':
    resolution: {integrity: sha512-mINmievgtq+3c6Qa7hlH/DU3a+pn6Nt5fV0ZN3JErvEBpMqQ3GPPYLEwiGvwp2h7xOER3moJEqfh5lguLieXzw==}
    engines: {node: '>=10.0.0'}

  '@jinsiyu/dshcs-kerberos-linux-arm64@2.1.1-dshcs.1':
    resolution: {integrity: sha512-hmUkHEShd74IWSgs6PX06U27cvkn6kQCxN/tTwBZCU4tUF8y3gG5cGy2D7HCx8+E1FyJTUiPCp5FbHm3VDhMYg==}
    engines: {node: '>=12.9.0'}
    cpu: [arm64]
    os: [linux]

  '@jinsiyu/dshcs-kerberos-linux-x64@2.1.1-dshcs.1':
    resolution: {integrity: sha512-qGvYV/GryZ+45uNBVCSBNHAxONKddGGxaxSE+HkRViTi9BszY38ntCGiE3Fm4W0JXadUd+SwK10awSy0zlyN0A==}
    engines: {node: '>=12.9.0'}
    cpu: [x64]
    os: [linux]

  '@jinsiyu/dshcs-kerberos-win32-arm64@2.1.1-dshcs.1':
    resolution: {integrity: sha512-s9K/O27SxzgnA/bqz/rY5ohLk7ihz4bPvv+892Ds+i0iDYAPT/r7op5CORv0++wUz9xsS59xbT3Ex/jRqHbPlg==}
    engines: {node: '>=12.9.0'}
    cpu: [arm64]
    os: [win32]

  '@jinsiyu/dshcs-kerberos-win32-x64@2.1.1-dshcs.1':
    resolution: {integrity: sha512-9oxYhBCNyKZAP4BytxRU2iN4QzwzNNiUNAcnFLvubDTJ5rZ8a2SLQnmodfzn7rChpCss7J9itYf8gdQsKvYJgw==}
    engines: {node: '>=12.9.0'}
    cpu: [x64]
    os: [win32]

  '@jinsiyu/dshcs-koffi@3.1.2':
    resolution: {integrity: sha512-dS5/uGfwMYjQEmS08ZqhKuIQtRdZkB8GMNqNKShPPSQbQWKiQr5MDyAzR9s5i5y/aen2Uni2bAhjKW18gjCyFw==}

  '@jinsiyu/dshcs-microsoft-mxc-sdk@0.8.0':
    resolution: {integrity: sha512-X/56BL6P2o7vLZc+WuSEaWUIQ8gNygoMLwXMkPk1GJMd8qP4g37TS2cdCPJUMpA1VvhGf7DmmXMWhzvF+rdWEw==}
    engines: {node: '>=18.0.0'}

  '@jinsiyu/dshcs-node-pty@1.2.0-beta.15':
    resolution: {integrity: sha512-Ltv+60C1GesVvcSByowKZ9w57Sp83RS2ZeYdsWsuC9hKHzUqWWHf2CdwBuXL8itKCbklPQlbrKKVc0XfafpnXQ==}

  '@jinsiyu/dshcs-parcel-watcher@2.5.6':
    resolution: {integrity: sha512-BJyewgCAwxAQ6EsEPRLO0iIe3TuVGcDynQyGr7mUllg/dYDv1LJb6dACc7y8vnlbSsEX7f7FJ4G1t1HajjRSjQ==}
    engines: {node: '>= 10.0.0'}

  '@jinsiyu/dshcs-ssh2@1.17.0':
    resolution: {integrity: sha512-yArgu9z30vy3J6ZLV841lgQvEyjqR+c3zU/Ly7Myv3d2PmOm2oiHvcUzq67K4isUpl4xVNVXf+NNHHX5dbwbQQ==}
    engines: {node: '>=10.16.0'}

  '@jinsiyu/dshcs-vscode-deviceid-linux-arm64@0.1.5':
    resolution: {integrity: sha512-ToGZlQv1ndT3MXcB2V/9Q9OJsLdwn/kXbGwomZPQ7/5B6imz83UU4kCJSRduQYpFObG6GVcxk8GU1mYVRsToPw==}
    cpu: [arm64]
    os: [linux]

  '@jinsiyu/dshcs-vscode-deviceid-linux-x64@0.1.5':
    resolution: {integrity: sha512-kTBOlAAxGT7q6l1Oci64FEm5fCyv5d0NgqAfyVhEK/D/vFcxC6XIyFDbQCmTDH5NejoO5sFZKaRLlDytBi4ILA==}
    cpu: [x64]
    os: [linux]

  '@jinsiyu/dshcs-vscode-deviceid-win32-arm64@0.1.5':
    resolution: {integrity: sha512-F7NsecxT2++1M073YkBDbC2KyNo9E+UqpwSyVWY7im++WVEmXRmzY+EeO7TIW0YDtjBZ6KXGdwyE1WrSg0A6ww==}
    cpu: [arm64]
    os: [win32]

  '@jinsiyu/dshcs-vscode-deviceid-win32-x64@0.1.5':
    resolution: {integrity: sha512-ciBQgbfOJH9rhXSdwMBWA4+9Hp6QGYoKLHINx1VO8ASlW7uBzq3Q8CMIZvB9JloUCMc9bKV2XuOAJ7sIllxyHQ==}
    cpu: [x64]
    os: [win32]

  '@jinsiyu/dshcs-vscode-fs-copyfile@2.0.0':
    resolution: {integrity: sha512-dNinUBW3pCH4F7Tte1v3VYcVyel6LYl+qk7W6AWLarngxf4FeI65wUBszy5cWIWPVsN1zz+UKxBw1uelydkd3A==}
    engines: {node: '>=22.6.0'}

  '@jinsiyu/dshcs-vscode-native-watchdog-linux-arm64@1.4.6':
    resolution: {integrity: sha512-hxL0DbJAwywgYx/cQ6DqDZUumwqRjGWzmztnFb/RCrZE9Yp35HK16nLJHVBctEwOxZi8JyfEN3t2leI69n1olg==}
    cpu: [arm64]
    os: [linux]

  '@jinsiyu/dshcs-vscode-native-watchdog-linux-x64@1.4.6':
    resolution: {integrity: sha512-UzTYB5yvpZEcsTPicer7TIsFiQQWUyQDbslDFNSoPPSqBbNeJ08oFl53TScnmmVImI1tWujcENPeVQkHLSvqjQ==}
    cpu: [x64]
    os: [linux]

  '@jinsiyu/dshcs-vscode-native-watchdog-win32-arm64@1.4.6':
    resolution: {integrity: sha512-ZwZ3aDWF6i07i4zYuTEDvxlrDkMDr+xbmmezVxxXCNXbyLnvZ34hNhtwaM+J0WruAGtZg4mdfMdIsBgWHnZB2A==}
    cpu: [arm64]
    os: [win32]

  '@jinsiyu/dshcs-vscode-native-watchdog-win32-x64@1.4.6':
    resolution: {integrity: sha512-1D+AUyjjyeDYgp926ec7mf2TVTx3oXRv8B4aEeNQuIug4P96mrvmTJsGs/nPEmmudSTF/7em5ajqtdrxoo1ODg==}
    cpu: [x64]
    os: [win32]

  '@jinsiyu/dshcs-vscode-proxy-agent@0.44.0':
    resolution: {integrity: sha512-3A97tpbV+WYymSpCiQgfjdHiodsEAiU9oWaXlVf3wpwvBH/nD2okzUBBSEnpV/Xa4WJIIdYg2029dIT8QdTH9Q==}
    engines: {node: '>=22.15.0'}

  '@jinsiyu/dshcs-vscode-server@4.137.0':
    resolution: {integrity: sha512-n0EbGfGZj45wQrrc+DT9nInuBgnIvGoIBwQ26FTC+uJpaRR1a0lm727PWonVCi/r24f6Y5Ptg8IrL/ODYprcJw==}

  '@jinsiyu/dshcs-vscode-spdlog-linux-arm64@0.15.8':
    resolution: {integrity: sha512-UE5kMgw5l7tDYHVPjg6RuQ13wnhT4Md5PdJPYYNMaH8sjNoGUEAThybg+KwHILGK6KpQRfZ/Fu5kqcG11/EC0g==}
    cpu: [arm64]
    os: [linux]

  '@jinsiyu/dshcs-vscode-spdlog-linux-x64@0.15.8':
    resolution: {integrity: sha512-DNwz85zGHn/PkPvOJ81zlJ3JHOffv/Be0lKmjJm/6LfSpcTIYHrBtMxkOyI8E0Uqp+YO2dTtEdTBa2WUJbelIA==}
    cpu: [x64]
    os: [linux]

  '@jinsiyu/dshcs-vscode-spdlog-win32-arm64@0.15.8':
    resolution: {integrity: sha512-n83iOsHr/2y7EfXIrVemw02Ow1vF+nklWCF6TM6es2/ZCs2uLfwFvKOrfcfEN4TRKtLg10G2yzX/dccd7PvAJA==}
    cpu: [arm64]
    os: [win32]

  '@jinsiyu/dshcs-vscode-spdlog-win32-x64@0.15.8':
    resolution: {integrity: sha512-fpqcminrcZG3fELMsxnt8bq5r7zaO4WUYl/ZJbz5YekfnhCx+CyuPdekrcUb6cReTtNuMYIoZN3GQuBW0+u04A==}
    cpu: [x64]
    os: [win32]

  '@jinsiyu/dshcs-vscode-sqlite3-linux-arm64@5.1.12-vscode':
    resolution: {integrity: sha512-6paSuZB0JOG3xMhJox0kjh0xf1e0AtHYanMd8gnIXokJzWsUdAJzU99Uj4Ep+KzZe2KTfqrx/hrVBfyW7w+1dA==}
    cpu: [arm64]
    os: [linux]

  '@jinsiyu/dshcs-vscode-sqlite3-linux-x64@5.1.12-vscode':
    resolution: {integrity: sha512-6grVwmPCtPI/t3om9PrjdjSUFbhoFWkVdy+TIqnmZ/YzJgGiPpxqOOBhuShpG9pQnsTVIKi5jhhvAHQ+m8XsYA==}
    cpu: [x64]
    os: [linux]

  '@jinsiyu/dshcs-vscode-sqlite3-win32-arm64@5.1.12-vscode':
    resolution: {integrity: sha512-FB8cwD1d3a8RMDTxcMly7GVqqFsyemaMU3+jQ4HC+SS+SHrSvldfZmvC4iigqzzJDqG8zJEkz2YPgWRYnpiqTQ==}
    cpu: [arm64]
    os: [win32]

  '@jinsiyu/dshcs-vscode-sqlite3-win32-x64@5.1.12-vscode':
    resolution: {integrity: sha512-9OD1Xv0lm4mNkRihOGkuxZ8WAg0w5BmHCMEH4BYO0rPVPhtbd2pYVmY8hB+Gm5LcteUagB9KF26fpn4o0izhRQ==}
    cpu: [x64]
    os: [win32]

  '@jinsiyu/dshcs-vscode-windows-ca-certs-win32-arm64@0.3.4':
    resolution: {integrity: sha512-RR9U930tdgNrHZM3S5gRm9vaSmd7BcoQ7s8Gk89zf2VAQMWsQ1oBx6z4Fju+2+h/eizwswzB4WsPRyKj2fVhoA==}
    cpu: [arm64]
    os: [win32]

  '@jinsiyu/dshcs-vscode-windows-ca-certs-win32-x64@0.3.4':
    resolution: {integrity: sha512-/+siH1SwvZ+hfkg5mNWzGz+KX9AmgbyIRxev5O41Ds9x33CafJjIZEccVKqxeAtPjXj+7SNFC7RwcZY1bOkNiQ==}
    cpu: [x64]
    os: [win32]

  '@jinsiyu/dshcs-vscode-windows-process-tree-win32-arm64@0.8.0':
    resolution: {integrity: sha512-hSQSQFOdJhQb39WFggmOyQsk8eOqZ9inXIJbnlQL2MqIh7T6dHlF3NosS+wxED72UePmUNKgxFk07DVWRxg4tA==}
    cpu: [arm64]
    os: [win32]

  '@jinsiyu/dshcs-vscode-windows-process-tree-win32-x64@0.8.0':
    resolution: {integrity: sha512-cXY0s77imrbJ2eUaaBkl30t0Ng2hUpAJgo7BpbELuXm9TeFkSnj6y4CLFSJjwGSbn8qMvTIhMwhlOVxkFliYYg==}
    cpu: [x64]
    os: [win32]

  '@jinsiyu/dshcs-vscode-windows-registry-win32-arm64@1.2.0':
    resolution: {integrity: sha512-tqi7PYOVjlUP94Cs2tX3/NuGA/HYwhhSKX4dgFH5B53t8Zp6UBpIvlUXCqIXNZd8JNig1GhdSBBFggFtH/ZofQ==}
    cpu: [arm64]
    os: [win32]

  '@jinsiyu/dshcs-vscode-windows-registry-win32-x64@1.2.0':
    resolution: {integrity: sha512-bg4bXrPez0nLBeltek2/xYPkw/vYQ6V4AIuHD6M3eLiT4Y216GNvmi7/Mwf6ZjZ3EAl4kZsIqO4eK5B4aQU4Mw==}
    cpu: [x64]
    os: [win32]

  '@koromix/koffi-darwin-arm64@3.1.2':
    resolution: {integrity: sha512-32pU4pNZABIz+l9DNJl51Y+jur4vv+SF4Ip2CSF4OUg1xUyefoLpX0NttDmzGITIrneUEVSEN+dT22524ESKBw==}
    cpu: [arm64]
    os: [darwin]

  '@koromix/koffi-darwin-x64@3.1.2':
    resolution: {integrity: sha512-S+H6LQgUoMj77BqDegwlRaxwLXDfwvSJGuceOqtH0I5V8rzKLmu/hC7NBlxOoAlvKlcV63FtdNiE2E9YSltffg==}
    cpu: [x64]
    os: [darwin]

  '@koromix/koffi-freebsd-arm64@3.1.2':
    resolution: {integrity: sha512-fD0ow2PBE60nw7K6xcbala6qwXxfcYeU62tduNeIPvx0KoWhU2rMKZiDNe+iI5TQb3rxYYjjP+aF2Sdm9y6EXQ==}
    cpu: [arm64]
    os: [freebsd]

  '@koromix/koffi-freebsd-ia32@3.1.2':
    resolution: {integrity: sha512-t8OmL+hoJGDLZDnuLjgLemSYrXX99M7Md+zJX8bMHOtiNbFtkGXn/mV21Pb1ik9JhBXjwK1r4hvBPNlqTMGrHg==}
    cpu: [ia32]
    os: [freebsd]

  '@koromix/koffi-freebsd-x64@3.1.2':
    resolution: {integrity: sha512-axbLgiM4Y2vyDOTqlXCI8vkg9wqjwSRsmoWXSKreA5YFJwnYA6Sc4aHMz+qZgUSfFei52Qrv1RGhDyo4kHvqhA==}
    cpu: [x64]
    os: [freebsd]

  '@koromix/koffi-linux-arm64@3.1.2':
    resolution: {integrity: sha512-f0hqAIlFcL9wlRGJ/uCfyfspqnGaASk2gLx1UAP3RBgMQl68D1e+fiHNdXa7g9d76ttmpA8/PGNAqc1X4Byy1Q==}
    cpu: [arm64]
    os: [linux]

  '@koromix/koffi-linux-ia32@3.1.2':
    resolution: {integrity: sha512-UGLPuqeOV/UArsK6oeB5yI/XjSWkFqFlBTC9rUbezBuHJhSibk1EMv7QC0cvtDMu18bo+ucqXWPzh42oT5yYlw==}
    cpu: [ia32]
    os: [linux]

  '@koromix/koffi-linux-loong64@3.1.2':
    resolution: {integrity: sha512-jI0+gM2oDsJ7reOt3XPyO7lyQtZ1CT6NR2uqGQcQVM43cyXBAVYYCUxEH3LHCbgumFaZ+LueIUgbMSwb9pHBxQ==}
    cpu: [loong64]
    os: [linux]

  '@koromix/koffi-linux-riscv64@3.1.2':
    resolution: {integrity: sha512-yB99adXBRd5T+xXG+f6nnUkC3jCI0iXvPU6RqD9Kx7aZP4Y4NNUWJ5Q4FaP9jb1XmZLY4pGBUiHt8u03Yl7NyA==}
    cpu: [riscv64]
    os: [linux]

  '@koromix/koffi-linux-x64@3.1.2':
    resolution: {integrity: sha512-Oxvo6F3Edzy/Jm2EtbHWkJ2xRB0mXDAe63k5+USL5uiGE5xZjwEUDOBKIhv2BpCZSOAJrfoojFFogj6+ICKQhw==}
    cpu: [x64]
    os: [linux]

  '@koromix/koffi-openbsd-ia32@3.1.2':
    resolution: {integrity: sha512-SSWzUhL8Ex84JTsO67+MdWZrdwgOzoOrQ0+ZbB+UsivHoAxmWLHKWZaSafNqyBZtxGY1EgtR8AIPouWE9U+Zfw==}
    cpu: [ia32]
    os: [openbsd]

  '@koromix/koffi-openbsd-x64@3.1.2':
    resolution: {integrity: sha512-0ZuI4St7chq3M0d3VivvKIqacZ7RhgohdR476V3HpJkaNdfIywsJIw+GBvqkQahu+4A2Rpu6yQJpWSrfk/Z+Jw==}
    cpu: [x64]
    os: [openbsd]

  '@koromix/koffi-win32-arm64@3.1.2':
    resolution: {integrity: sha512-8Wn6phw7y53uI52+aBPAqEfZ5pj/HCjg/YtdthqSWYHy+d0MhyASKlcmuP0B5raxQnnA1Bm9LC8UO3M3RojeBw==}
    cpu: [arm64]
    os: [win32]

  '@koromix/koffi-win32-ia32@3.1.2':
    resolution: {integrity: sha512-FkKaPBMawgHMNnp1FwLldXMNvEa139GXkxPi9JD9xU71Kh/ZmuEYHGSD6JwZDmDr4jekVrBrr+eGZ+j6C2mkXg==}
    cpu: [ia32]
    os: [win32]

  '@koromix/koffi-win32-x64@3.1.2':
    resolution: {integrity: sha512-FeFC59UU1XX4J3ZaqKrsrEzczzB5qksMJo7/R45vIg8mGNVSLMVE85JRiZpjcp9i5Lbav5Vw47QvwFzBgIfvlw==}
    cpu: [x64]
    os: [win32]

  '@microsoft/1ds-core-js@3.2.13':
    resolution: {integrity: sha512-CluYTRWcEk0ObG5EWFNWhs87e2qchJUn0p2D21ZUa3PWojPZfPSBs4//WIE0MYV8Qg1Hdif2ZTwlM7TbYUjfAg==}

  '@microsoft/1ds-post-js@3.2.13':
    resolution: {integrity: sha512-HgS574fdD19Bo2vPguyznL4eDw7Pcm1cVNpvbvBLWiW3x4e1FCQ3VMXChWnAxCae8Hb0XqlA2sz332ZobBavTA==}

  '@microsoft/applicationinsights-core-js@2.8.15':
    resolution: {integrity: sha512-yYAs9MyjGr2YijQdUSN9mVgT1ijI1FPMgcffpaPmYbHAVbQmF7bXudrBWHxmLzJlwl5rfep+Zgjli2e67lwUqQ==}
    peerDependencies:
      tslib: '*'

  '@microsoft/applicationinsights-shims@2.0.2':
    resolution: {integrity: sha512-PoHEgsnmcqruLNHZ/amACqdJ6YYQpED0KSRe6J7gIJTtpZC1FfFU9b1fmDKDKtFoUSrPzEh1qzO3kmRZP0betg==}

  '@microsoft/dynamicproto-js@1.1.11':
    resolution: {integrity: sha512-gNw9z9LbqLV+WadZ6/MMrWwO3e0LuoUH1wve/1iPsBNbgqeVCiB0EZFNNj2lysxS2gkqoF9hmyVaG3MoM1BkxA==}

  '@parcel/watcher-android-arm64@2.5.6':
    resolution: {integrity: sha512-YQxSS34tPF/6ZG7r/Ih9xy+kP/WwediEUsqmtf0cuCV5TPPKw/PQHRhueUo6JdeFJaqV3pyjm0GdYjZotbRt/A==}
    engines: {node: '>= 10.0.0'}
    cpu: [arm64]
    os: [android]

  '@parcel/watcher-darwin-arm64@2.5.6':
    resolution: {integrity: sha512-Z2ZdrnwyXvvvdtRHLmM4knydIdU9adO3D4n/0cVipF3rRiwP+3/sfzpAwA/qKFL6i1ModaabkU7IbpeMBgiVEA==}
    engines: {node: '>= 10.0.0'}
    cpu: [arm64]
    os: [darwin]

  '@parcel/watcher-darwin-x64@2.5.6':
    resolution: {integrity: sha512-HgvOf3W9dhithcwOWX9uDZyn1lW9R+7tPZ4sug+NGrGIo4Rk1hAXLEbcH1TQSqxts0NYXXlOWqVpvS1SFS4fRg==}
    engines: {node: '>= 10.0.0'}
    cpu: [x64]
    os: [darwin]

  '@parcel/watcher-freebsd-x64@2.5.6':
    resolution: {integrity: sha512-vJVi8yd/qzJxEKHkeemh7w3YAn6RJCtYlE4HPMoVnCpIXEzSrxErBW5SJBgKLbXU3WdIpkjBTeUNtyBVn8TRng==}
    engines: {node: '>= 10.0.0'}
    cpu: [x64]
    os: [freebsd]

  '@parcel/watcher-linux-arm-glibc@2.5.6':
    resolution: {integrity: sha512-9JiYfB6h6BgV50CCfasfLf/uvOcJskMSwcdH1PHH9rvS1IrNy8zad6IUVPVUfmXr+u+Km9IxcfMLzgdOudz9EQ==}
    engines: {node: '>= 10.0.0'}
    cpu: [arm]
    os: [linux]
    libc: [glibc]

  '@parcel/watcher-linux-arm-musl@2.5.6':
    resolution: {integrity: sha512-Ve3gUCG57nuUUSyjBq/MAM0CzArtuIOxsBdQ+ftz6ho8n7s1i9E1Nmk/xmP323r2YL0SONs1EuwqBp2u1k5fxg==}
    engines: {node: '>= 10.0.0'}
    cpu: [arm]
    os: [linux]
    libc: [musl]

  '@parcel/watcher-linux-arm64-glibc@2.5.6':
    resolution: {integrity: sha512-f2g/DT3NhGPdBmMWYoxixqYr3v/UXcmLOYy16Bx0TM20Tchduwr4EaCbmxh1321TABqPGDpS8D/ggOTaljijOA==}
    engines: {node: '>= 10.0.0'}
    cpu: [arm64]
    os: [linux]
    libc: [glibc]

  '@parcel/watcher-linux-arm64-musl@2.5.6':
    resolution: {integrity: sha512-qb6naMDGlbCwdhLj6hgoVKJl2odL34z2sqkC7Z6kzir8b5W65WYDpLB6R06KabvZdgoHI/zxke4b3zR0wAbDTA==}
    engines: {node: '>= 10.0.0'}
    cpu: [arm64]
    os: [linux]
    libc: [musl]

  '@parcel/watcher-linux-x64-glibc@2.5.6':
    resolution: {integrity: sha512-kbT5wvNQlx7NaGjzPFu8nVIW1rWqV780O7ZtkjuWaPUgpv2NMFpjYERVi0UYj1msZNyCzGlaCWEtzc+exjMGbQ==}
    engines: {node: '>= 10.0.0'}
    cpu: [x64]
    os: [linux]
    libc: [glibc]

  '@parcel/watcher-linux-x64-musl@2.5.6':
    resolution: {integrity: sha512-1JRFeC+h7RdXwldHzTsmdtYR/Ku8SylLgTU/reMuqdVD7CtLwf0VR1FqeprZ0eHQkO0vqsbvFLXUmYm/uNKJBg==}
    engines: {node: '>= 10.0.0'}
    cpu: [x64]
    os: [linux]
    libc: [musl]

  '@parcel/watcher-win32-arm64@2.5.6':
    resolution: {integrity: sha512-3ukyebjc6eGlw9yRt678DxVF7rjXatWiHvTXqphZLvo7aC5NdEgFufVwjFfY51ijYEWpXbqF5jtrK275z52D4Q==}
    engines: {node: '>= 10.0.0'}
    cpu: [arm64]
    os: [win32]

  '@parcel/watcher-win32-ia32@2.5.6':
    resolution: {integrity: sha512-k35yLp1ZMwwee3Ez/pxBi5cf4AoBKYXj00CZ80jUz5h8prpiaQsiRPKQMxoLstNuqe2vR4RNPEAEcjEFzhEz/g==}
    engines: {node: '>= 10.0.0'}
    cpu: [ia32]
    os: [win32]

  '@parcel/watcher-win32-x64@2.5.6':
    resolution: {integrity: sha512-hbQlYcCq5dlAX9Qx+kFb0FHue6vbjlf0FrNzSKdYK2APUf7tGfGxQCk2ihEREmbR6ZMc0MVAD5RIX/41gpUzTw==}
    engines: {node: '>= 10.0.0'}
    cpu: [x64]
    os: [win32]

  '@pondwader/socks5-server@1.0.10':
    resolution: {integrity: sha512-bQY06wzzR8D2+vVCUoBsr5QS2U6UgPUQRmErNwtsuI6vLcyRKkafjkr3KxbtGFf9aBBIV2mcvlsKD1UYaIV+sg==}

  '@standard-schema/spec@1.1.0':
    resolution: {integrity: sha512-l2aFy5jALhniG5HgqrD6jXLi/rUWrKvqN/qJx6yoJsgKhblVd+iqqU4RCXavm/jPityDo5TCvKMnpjKnOriy0w==}

  '@tootallnate/once@3.0.1':
    resolution: {integrity: sha512-VyMVKRrpHTT8PnotUeV8L/mDaMwD5DaAKCFLP73zAqAtvF0FCqky+Ki7BYbFCYQmqFyTe9316Ed5zS70QUR9eg==}
    engines: {node: '>= 10'}

  '@vscode/iconv-lite-umd@0.7.1':
    resolution: {integrity: sha512-tK6k0DXFHW7q5+GGuGZO+phpAqpxO4WXl+BLc/8/uOk3RsM2ssAL3CQUQDb1TGfwltjsauhN6S4ghYZzs4sPFw==}

  '@vscode/ripgrep-universal@1.18.0':
    resolution: {integrity: sha512-kgrAVy1L/v/8erAjo+I720ifTf7o4rvYUwgsuEu97XAEBtPT9sk3HhcSgFpxMydvNmwdJtXo9/AVee7JjocTrg==}

  '@vscode/sandbox-runtime@0.0.1':
    resolution: {integrity: sha512-Jy3iKmNXGD1HcLJkT3YS2l+n5S7H41buvMsZER/EC3nx24fSu1vhg1y9RDzLDwq7wEh7CZTEJBwRcYjV9OAFvQ==}
    engines: {node: '>=18.0.0'}
    hasBin: true

  '@vscode/tree-sitter-wasm@0.3.1':
    resolution: {integrity: sha512-RJFoomET6FajjG511fmQxeBQfU6M24a0aFZPqpid+ttIxanWf1VGytBG0UmsGjt07qmIPJS8U31D+aecuCucsQ==}

  '@vscode/vscode-languagedetection@1.0.23':
    resolution: {integrity: sha512-Ywk6vXC81nUHvc9WX3uFJG/UHFLXDYJgNeUVirBLJGvmchXHdapsGeAYclNqO1thQLmykmJhSouIZV+JJS8o1A==}
    hasBin: true

  '@xterm/addon-clipboard@0.3.0-beta.302':
    resolution: {integrity: sha512-KRH/7iyVE97zNjIhZI674uY62cuekMofSLOxG1TkOdSCofxvgOgbPL6C7R3BrWSG7MX28tM7TzqfdSKKqG2U7g==}
    peerDependencies:
      '@xterm/xterm': ^6.1.0-beta.303

  '@xterm/addon-image@0.10.0-beta.300':
    resolution: {integrity: sha512-eF19wskh7io1KIFMHkJW0yMSTrDdvALp0ZjI4A27czpdTLquyB8LN0w+wNnpOU7D+B4CZp/8LxNta/LGMRIdCg==}
    peerDependencies:
      '@xterm/xterm': ^6.1.0-beta.303

  '@xterm/addon-ligatures@0.11.0-beta.300':
    resolution: {integrity: sha512-f+Uol/BSxHSLnqGDjixstqYHwI/cPgUOfCqP5Lc591xe/MlAgaFIBd8xMEAlUnJnz6/jIVoQMSNNhpk8a4asrQ==}
    engines: {node: '>8.0.0'}
    peerDependencies:
      '@xterm/xterm': ^6.1.0-beta.303

  '@xterm/addon-progress@0.3.0-beta.300':
    resolution: {integrity: sha512-zYxoFTP+5rkdzKYG0imSDJPUnJ6FY+UsqOROMgw8v86Ej9ky6O9K35nH2HmfAp+JfXpC/5oCZ9vFu0KFNe73qw==}
    peerDependencies:
      '@xterm/xterm': ^6.1.0-beta.303

  '@xterm/addon-search@0.17.0-beta.300':
    resolution: {integrity: sha512-D3kPBm0qB+AWP+qzgq7JUSCMZOjYxAX9g+bbmLiCBKhgt6dWk40GVG2YgFQRuS55Guj0ooVu93Y/nKEZ7jKxQQ==}
    peerDependencies:
      '@xterm/xterm': ^6.1.0-beta.303

  '@xterm/addon-serialize@0.15.0-beta.300':
    resolution: {integrity: sha512-OCcnMMOCP+p5pIuXIro+u+wfNkSD8J2CZUqmyfTULxgs7jc+vyDL6UiaKmbs2q6MUcq4F9P5Oju3J8d4SEKOmQ==}
    peerDependencies:
      '@xterm/xterm': ^6.1.0-beta.303

  '@xterm/addon-unicode11@0.10.0-beta.300':
    resolution: {integrity: sha512-Q678teiannkxiDQtMrr/MtuYAZXc+pou7BWVlL68DTvWdYZqYVrLNjwb1E4PCzO1arEZzO9zaTOhsXfDoiz+gw==}
    peerDependencies:
      '@xterm/xterm': ^6.1.0-beta.303

  '@xterm/addon-webgl@0.20.0-beta.299':
    resolution: {integrity: sha512-Buf/Qyff1rzbYAhH3Wb96wkhH73XzQ0b0j/JZUqss0TlXmPGen1anA35jDR0FYpNCCXE41KKM39ZrQSBG2P3OQ==}
    peerDependencies:
      '@xterm/xterm': ^6.1.0-beta.303

  '@xterm/headless@6.1.0-beta.302':
    resolution: {integrity: sha512-UZTvl9zme7wu4q8H5dvudJ7jDYk2BkXbDpiuhbDj0eDg0smoDHk5vcHDfy8zokwDCIHCZXV5Yzy45Wi7DC7dXQ==}

  '@xterm/xterm@6.1.0-beta.303':
    resolution: {integrity: sha512-tqzB2bLPxbRCxQfAdP9K7v0RoS4NgqGWKHAtS4WxqOH9dFgApDojwx5WSD173OomClx40l0cpKDfERMsLPYShA==}

  agent-base@7.1.4:
    resolution: {integrity: sha512-MnA+YT8fwfJPgBx3m60MNqakm30XOkyIoH1y6huTQvC0PwZG7ki8NacLBcrPbNoo8vEZy7Jpuk7+jMO+CUovTQ==}
    engines: {node: '>= 14'}

  asn1@0.2.6:
    resolution: {integrity: sha512-ix/FxPn0MDjeyJ7i/yoHGFt/EX6LyNbxSEhPPXODPL+KB0VPk86UYfL0lMdy+KCnv+fmvIzySwaK5COwqVbWTQ==}

  bcrypt-pbkdf@1.0.2:
    resolution: {integrity: sha512-qeFIXtP4MSoi6NLqO12WfqARWWuCKi2Rn/9hJLEmtB5yTNr9DqFWkJRCf2qShWzPeAMRnOgCrq0sg/KLv5ES9w==}

  bindings@1.5.0:
    resolution: {integrity: sha512-p2q/t/mhvuOj/UeLlV6566GD/guowlr0hHxClI0W9m7MWYkL1F0hLo+0Aexs9HSPCtR1SXQ0TD3MMKrXZajbiQ==}

  buffer-crc32@0.2.13:
    resolution: {integrity: sha512-VO9Ht/+p3SN7SKWqcrgEzjGbRSJYTx+Q1pTQC0wrWqHx0vpJraQ6GtHx8tvcg1rlK1byhU5gccxgOgj7B0TDkQ==}

  buildcheck@0.0.7:
    resolution: {integrity: sha512-lHblz4ahamxpTmnsk+MNTRWsjYKv965MwOrSJyeD588rR3Jcu7swE+0wN5F+PbL5cjgu/9ObkhfzEPuofEMwLA==}
    engines: {node: '>=10.0.0'}

  chownr@3.0.0:
    resolution: {integrity: sha512-+IxzY9BZOQd/XuYPRmrvEVjF/nqj5kgT4kEq7VofrDoM1MxoRjEWkrCC3EtLi59TVawxTAn+orJwFQcrqEN1+g==}
    engines: {node: '>=18'}

  commander@12.1.0:
    resolution: {integrity: sha512-Vw8qHK3bZM9y/P10u3Vib8o/DdkvA2OtPtZvD871QKjy74Wj1WSKFILMPRPSdUSx5RFK1arlJzEtA4PkFgnbuA==}
    engines: {node: '>=18'}

  cookie@0.7.2:
    resolution: {integrity: sha512-yki5XnKuf750l50uGTllt6kKILY4nQ1eNIQatoXEByZ5dWgnKqbnqmTrBE5B4N7lrMJKQ2ytWMiTO2o0v6Ew/w==}
    engines: {node: '>= 0.6'}

  debug@4.4.3:
    resolution: {integrity: sha512-RGwwWnwQvkVfavKVt22FGLw+xYSdzARwm0ru6DhTVA3umU5hZc28V3kO4stgYryrTlLpuvgI9GiijltAjNbcqA==}
    engines: {node: '>=6.0'}
    peerDependencies:
      supports-color: '*'
    peerDependenciesMeta:
      supports-color:
        optional: true

  detect-libc@2.1.2:
    resolution: {integrity: sha512-Btj2BOOO83o3WyH59e8MgXsxEQVcarkUOpEYrubB0urwnN10yQ364rsiByU11nZlqWYZm05i/of7io4mzihBtQ==}
    engines: {node: '>=8'}

  file-uri-to-path@1.0.0:
    resolution: {integrity: sha512-0Zt+s3L7Vf1biwWZ29aARiVYLx7iMGnEUl9x33fbB/j3jR81u/O2LbqK+Bm1CDSNDKVtJ/YjwY7TUd5SkeLQLw==}

  fs-extra@11.4.0:
    resolution: {integrity: sha512-EQsFzMUJkCKGr1ePqlYADkIUmHW1s3ZXr5Yqy6wbGrfUCphpl2maM/kyOIRA2HpP3AaFQTZXD4ldjek+nccddA==}
    engines: {node: '>=14.14'}

  graceful-fs@4.2.11:
    resolution: {integrity: sha512-RbJ5/jmFcNNCcDV5o9eTnBLJ/HszWV0P73bc+Ff4nS/rJj+YaS6IGyiOL0VoBYX+l1Wrl3k63h/KrH+nhJ0XvQ==}

  http-proxy-agent@7.0.0:
    resolution: {integrity: sha512-+ZT+iBxVUQ1asugqnD6oWoRiS25AkjNfG085dKJGtGxkdwLQrMKU5wJr2bOOFAXzKcTuqq+7fZlTMgG3SRfIYQ==}
    engines: {node: '>= 14'}

  https-proxy-agent@7.0.2:
    resolution: {integrity: sha512-NmLNjm6ucYwtcUmL7JQC1ZQ57LmHP4lT15FQ8D61nak1rO6DH+fz5qNK2Ap5UN4ZapYICE3/0KodcLYSPsPbaA==}
    engines: {node: '>= 14'}

  ip-address@10.7.0:
    resolution: {integrity: sha512-BGFsyJd5mpXp3rK6jIdADLNgpJUK1jnjzvYF8lK+VyDab9JAmqN0YOKDdP17HlgKb2+ehPgDc8EtnRLbGCAMhA==}
    engines: {node: '>= 12'}

  is-extglob@2.1.1:
    resolution: {integrity: sha512-SbKbANkN603Vi4jEZv49LeVJMn4yGwsbzZworEoyEiutsN3nJYdbO36zfhGJ6QEDpOZIFkDtnq5JRxmvl3jsoQ==}
    engines: {node: '>=0.10.0'}

  is-glob@4.0.3:
    resolution: {integrity: sha512-xelSayHH36ZgE7ZWhli7pW34hNbNl8Ojv5KVmkJD4hBdD3th8Tfk9vYasLM+mXWOZhFkgZfxhLSnrwRr4elSSg==}
    engines: {node: '>=0.10.0'}

  jschardet@3.1.4:
    resolution: {integrity: sha512-/kmVISmrwVwtyYU40iQUOp3SUPk2dhNCMsZBQX0R1/jZ8maaXJ/oZIzUOiyOqcgtLnETFKYChbJ5iDC/eWmFHg==}
    engines: {node: '>=0.1.90'}

  jsonfile@6.2.1:
    resolution: {integrity: sha512-zwOTdL3rFQ/lRdBnntKVOX6k5cKJwEc1HdilT71BWEu7J41gXIB2MRp+vxduPSwZJPWBxEzv4yH1wYLJGUHX4Q==}

  lru-cache@11.5.2:
    resolution: {integrity: sha512-4pfM1Ff0x50o0tQwb5ucw/RzNyD0/YJME6IVcStalZuMWxdt3sR3huStTtxz4PUmvZfRguvDejasvQ2kifR11g==}
    engines: {node: 20 || >=22}

  minimist@1.2.8:
    resolution: {integrity: sha512-2yyAR8qBkN3YuheJanUpWC5U3bb5osDywNB8RzDVlDwDHbocAJveqqj1u8+SVD7jkWT4yvsHCpWqqWqAxb0zCA==}

  minipass@7.1.3:
    resolution: {integrity: sha512-tEBHqDnIoM/1rXME1zgka9g6Q2lcoCkxHLuc7ODJ5BxbP5d4c2Z5cGgtXAku59200Cx7diuHTOYfSBD8n6mm8A==}
    engines: {node: '>=16 || 14 >=14.17'}

  minizlib@3.1.0:
    resolution: {integrity: sha512-KZxYo1BUkWD2TVFLr0MQoM8vUUigWD3LlD83a/75BqC+4qE0Hb1Vo5v1FgcfaNXvfXzr+5EhQ6ing/CaBijTlw==}
    engines: {node: '>= 18'}

  mkdirp@1.0.4:
    resolution: {integrity: sha512-vVqVZQyf3WLx2Shd0qJ9xuvqgAyKPLAiqITEtqW0oIUjzo3PePDd6fW9iFz30ef7Ysp/oiWqbhszeGWW2T6Gzw==}
    engines: {node: '>=10'}
    hasBin: true

  ms@2.1.3:
    resolution: {integrity: sha512-6FlzubTLZG3J2a/NVCAleEhjzq5oxgHyaCU9yYXvcLsvoVaHJq/s5xXI6/XXP6tz7R9xAOtHnSO/tXtF3WRTlA==}

  nan@2.28.0:
    resolution: {integrity: sha512-fTsDz99OTq2sVePhGdp4qQhggZFtKr64ZNVyVajRKtMOkJxYekplBh577PiJB12v/D3s2E5cGtOI45LWp6rnLQ==}

  node-addon-api@6.1.0:
    resolution: {integrity: sha512-+eawOlIgy680F0kBzPUNFhMZGtJ1YmqM6l4+Crf4IkImjYrO/mqPwRMh352g23uIaQKFItcQ64I7KMaJxHgAVA==}

  node-addon-api@7.1.0:
    resolution: {integrity: sha512-mNcltoe1R8o7STTegSOHdnJNN7s5EUvhoS7ShnTHDyOSd+8H+UdWODq6qSv67PjC8Zc5JRT8+oLAMCr0SIXw7g==}
    engines: {node: ^16 || ^18 || >= 20}

  node-addon-api@7.1.1:
    resolution: {integrity: sha512-5m3bsyrjFWE1xf7nz7YXdN4udnVtXK6/Yfgn5qnahL6bCkf2yKt4k3nuTKAtT4r3IG8JNR2ncsIMdZuAzJjHQQ==}

  node-addon-api@8.9.2:
    resolution: {integrity: sha512-VijLXbi3UACN69I0JVXJsX4tjACjNoQDgv2gTF6sx2wWEi8tkSg2eX8p5gSIFi8z2+DL3oHmY6OyKce38SDolg==}
    engines: {node: ^18 || ^20 || >= 21}

  opentype.js@2.0.0:
    resolution: {integrity: sha512-kCyjv6xdDY1W/jLWZ/L3QhhTlKUqDZMQ5+Jdlw12b3dXkKNpYBqqlMMj0YDQPShWFTMwgZI1hG14kN3XUDSg/A==}
    hasBin: true

  pend@1.2.0:
    resolution: {integrity: sha512-F3asv42UuXchdzt+xXqfW1OGlVBe+mxa2mqI0pg5yAHZPvFmY3Y6drSf/GQ1A86WgWEN9Kzh/WrgKa6iGcHXLg==}

  picomatch@4.0.7:
    resolution: {integrity: sha512-qcJu88Q2IWqJsDD529JKMdwGm/dvInW4HvQnRwiH9JtihJvzGOscDtHE3x1pBKeUOTysQ8kVmLnJ2kJu7yhcGA==}
    engines: {node: '>=12'}

  safer-buffer@2.1.2:
    resolution: {integrity: sha512-YZo3K82SD7Riyi0E1EQPojLz7kpepnSQI9IyPbHHg1XXXevb5dJI7tpyN2ADxGcQbHG7vcyRHk0cbwqcQriUtg==}

  semver@7.8.5:
    resolution: {integrity: sha512-Y7/KDsb8LjooZpwaqGyulO6DQlksgCncchHGk+sZIY4SBvUocMBEFH5Ur1fI4dV+Jvl0w6cjvucaIi40puRioA==}
    engines: {node: '>=10'}
    hasBin: true

  shell-quote@1.10.0:
    resolution: {integrity: sha512-w1aiOKwKuRgtwAReIIj89puqg+I7GvX4IbLrvmhXbzQsj1+Zwi4VO3+fa6ZF91TWSjIxoEkKnMeHcLEODK5ZXA==}
    engines: {node: '>= 0.4'}

  smart-buffer@4.2.0:
    resolution: {integrity: sha512-94hK0Hh8rPqQl2xXc3HsaBoOXKV20MToPkcXvwbISWLEs+64sBq5kFgn2kJDHb1Pry9yrP0dxrCI9RRci7RXKg==}
    engines: {node: '>= 6.0.0', npm: '>= 3.0.0'}

  socks-proxy-agent@8.0.5:
    resolution: {integrity: sha512-HehCEsotFqbPW9sJ8WVYB6UbmIMv7kUUORIF2Nncq4VQvBfNBLibW9YZR5dlYCSUhwcD628pRllm7n+E+YTzJw==}
    engines: {node: '>= 14'}

  socks@2.8.10:
    resolution: {integrity: sha512-e0VyvkVTwVYViNovRkZ9aodhxVlyoMn7eJhVUPxZ+eK9P/7CBkxvvsBOHqFPEH416726W8tLXXXjKwqgTErrCQ==}
    engines: {node: '>= 10.0.0', npm: '>= 3.0.0'}

  tar@7.5.22:
    resolution: {integrity: sha512-MFO/QzvtAOmJbkhOaCTvbGcFN9L9b+JunIsDwaKljSOdcLMea3NJ1k9Usz/rjdfSXTq4dfzfeS7W4p4YOAAHeA==}
    engines: {node: '>=18'}

  tas-client@0.4.3:
    resolution: {integrity: sha512-6bqNgMv7ys5PL6Zqz+EoR8J5KrhAGFjodUPkcpM80DHFakKiWcjqKiID5qxsssC/E70fcgYYWPAUK7CWS29b+Q==}
    engines: {node: '>=22'}

  tslib@2.8.1:
    resolution: {integrity: sha512-oJFu94HQb+KVduSUQL7wnpmqnfmLsOA/nAh6b6EH0wCEoK0/mPeXU6c3wKDV83MkOuHPRHtSXKKU99IBazS/2w==}

  tweetnacl@0.14.5:
    resolution: {integrity: sha512-KXXFFdAbFXY4geFIwoyNK+f5Z1b7swfXABfL7HXCmoIWMKU3dmS26672A4EeQtDzLKy7SXmfBu51JolvEKwtGA==}

  typescript@6.0.3:
    resolution: {integrity: sha512-y2TvuxSZPDyQakkFRPZHKFm+KKVqIisdg9/CZwm9ftvKXLP8NRWj38/ODjNbr43SsoXqNuAisEf1GdCxqWcdBw==}
    engines: {node: '>=14.17'}
    hasBin: true

  undici@7.29.1:
    resolution: {integrity: sha512-RYONW2MeafgYlkVOKYKkA/Ag7BmXqgIWCa8t1m0JcxrQg9pI9lEqRhAOruOBCbAohOa/gkCF+iPi9hrgvTzu6Q==}
    engines: {node: '>=20.18.1'}

  universalify@2.0.1:
    resolution: {integrity: sha512-gptHNQghINnc/vTGIk0SOFGFNXw7JVrlRUtConJRlvaw6DuX0wO5Jeko9sWrMBhh+PsYAZ7oXAiOnf/UKogyiw==}
    engines: {node: '>= 10.0.0'}

  uuid@14.0.2:
    resolution: {integrity: sha512-xZe/16rV4aa+HGSOCiY2YeLT1OybRLrrkL/Rqaq7p7GMVXjFh+6wN4oMYgjFmnSnhY8t6Xpdl2l9qmnHYuMHwQ==}
    hasBin: true

  vscode-oniguruma@1.7.0:
    resolution: {integrity: sha512-L9WMGRfrjOhgHSdOYgCt/yRMsXzLDJSL7BPrOZt73gU0iWO4mpqzqQzOz5srxqTvMBaR0XZTSrVWo4j55Rc6cA==}

  vscode-regexpp@3.1.0:
    resolution: {integrity: sha512-pqtN65VC1jRLawfluX4Y80MMG0DHJydWhe5ZwMHewZD6sys4LbU6lHwFAHxeuaVE6Y6+xZOtAw+9hvq7/0ejkg==}
    engines: {node: '>=8'}

  vscode-textmate@9.3.2:
    resolution: {integrity: sha512-n2uGbUcrjhUEBH16uGA0TvUfhWwliFZ1e3+pTjrkim1Mt7ydB41lV08aUvsi70OlzDWp6X7Bx3w/x3fAXIsN0Q==}

  ws@8.21.0:
    resolution: {integrity: sha512-Vsp28b7DRcimFQvrqu2Wek3z1iYxDCWqHYB8Qsnk/S4RfaCQzPGPyBNuVjJV3cd6UiKtUtp6sNM77gWvzcCH+g==}
    engines: {node: '>=10.0.0'}
    peerDependencies:
      bufferutil: ^4.0.1
      utf-8-validate: '>=5.0.2'
    peerDependenciesMeta:
      bufferutil:
        optional: true
      utf-8-validate:
        optional: true

  yallist@5.0.0:
    resolution: {integrity: sha512-YgvUTfwqyc7UXVMrB+SImsVYSmTS8X/tSrtdNZMImM+n7+QTriRXyXim0mBrTXNeqzVF0KWGgHPeiyViFFrNDw==}
    engines: {node: '>=18'}

  yauzl@3.3.1:
    resolution: {integrity: sha512-RNPCUkiE/ZgO4w8i9U5yDQVHaFDdnzaFANElRvpJteCspvmv2VqrRb9lvS6odVD+jqI/zDsxAHJVsafpcheVQQ==}
    engines: {node: '>=12'}

  yazl@2.4.3:
    resolution: {integrity: sha512-cIUrm3/81iF/BzuyORI7ppz1vGHAhA62JYzAFFC+rwJ2jQF1LcYxY9UXx4XyUXojkCnol0SvPuc+Toc7FO4W8g==}

  zod@3.25.76:
    resolution: {integrity: sha512-gzUt/qt81nXsFGKIFcC3YnfEAx5NkunCfnDlvuBSSFS02bcXu4Lmea0AFIUwbLWxWPx3d9p8S5QoaujKcNQxcQ==}

  zod@4.4.3:
    resolution: {integrity: sha512-ytENFjIJFl2UwYglde2jchW2Hwm4GJFLDiSXWdTrJQBIN9Fcyp7n4DhxJEiWNAJMV1/BqWfW/kkg71UDcHJyTQ==}

snapshots:

  '@deepseek-ai/cosmokit@1.8.3': {}

  '@deepseek-ai/schemastery@3.18.2':
    dependencies:
      '@deepseek-ai/cosmokit': 1.8.3
      '@standard-schema/spec': 1.1.0

  '@isaacs/fs-minipass@4.0.1':
    dependencies:
      minipass: 7.1.3

  '@jinsiyu/dshcs-cpu-features@0.0.10':
    dependencies:
      buildcheck: 0.0.7
      nan: 2.28.0

  '@jinsiyu/dshcs-kerberos-linux-arm64@2.1.1-dshcs.1':
    dependencies:
      bindings: 1.5.0
      node-addon-api: 6.1.0
    optional: true

  '@jinsiyu/dshcs-kerberos-linux-x64@2.1.1-dshcs.1':
    dependencies:
      bindings: 1.5.0
      node-addon-api: 6.1.0
    optional: true

  '@jinsiyu/dshcs-kerberos-win32-arm64@2.1.1-dshcs.1':
    dependencies:
      bindings: 1.5.0
      node-addon-api: 6.1.0
    optional: true

  '@jinsiyu/dshcs-kerberos-win32-x64@2.1.1-dshcs.1':
    dependencies:
      bindings: 1.5.0
      node-addon-api: 6.1.0
    optional: true

  '@jinsiyu/dshcs-koffi@3.1.2':
    optionalDependencies:
      '@koromix/koffi-darwin-arm64': 3.1.2
      '@koromix/koffi-darwin-x64': 3.1.2
      '@koromix/koffi-freebsd-arm64': 3.1.2
      '@koromix/koffi-freebsd-ia32': 3.1.2
      '@koromix/koffi-freebsd-x64': 3.1.2
      '@koromix/koffi-linux-arm64': 3.1.2
      '@koromix/koffi-linux-ia32': 3.1.2
      '@koromix/koffi-linux-loong64': 3.1.2
      '@koromix/koffi-linux-riscv64': 3.1.2
      '@koromix/koffi-linux-x64': 3.1.2
      '@koromix/koffi-openbsd-ia32': 3.1.2
      '@koromix/koffi-openbsd-x64': 3.1.2
      '@koromix/koffi-win32-arm64': 3.1.2
      '@koromix/koffi-win32-ia32': 3.1.2
      '@koromix/koffi-win32-x64': 3.1.2

  '@jinsiyu/dshcs-microsoft-mxc-sdk@0.8.0':
    dependencies:
      node-pty: '@jinsiyu/dshcs-node-pty@1.2.0-beta.15'
      semver: 7.8.5

  '@jinsiyu/dshcs-node-pty@1.2.0-beta.15':
    dependencies:
      node-addon-api: 7.1.1

  '@jinsiyu/dshcs-parcel-watcher@2.5.6':
    dependencies:
      detect-libc: 2.1.2
      is-glob: 4.0.3
      node-addon-api: 7.1.1
      picomatch: 4.0.7
    optionalDependencies:
      '@parcel/watcher-android-arm64': 2.5.6
      '@parcel/watcher-darwin-arm64': 2.5.6
      '@parcel/watcher-darwin-x64': 2.5.6
      '@parcel/watcher-freebsd-x64': 2.5.6
      '@parcel/watcher-linux-arm-glibc': 2.5.6
      '@parcel/watcher-linux-arm-musl': 2.5.6
      '@parcel/watcher-linux-arm64-glibc': 2.5.6
      '@parcel/watcher-linux-arm64-musl': 2.5.6
      '@parcel/watcher-linux-x64-glibc': 2.5.6
      '@parcel/watcher-linux-x64-musl': 2.5.6
      '@parcel/watcher-win32-arm64': 2.5.6
      '@parcel/watcher-win32-ia32': 2.5.6
      '@parcel/watcher-win32-x64': 2.5.6

  '@jinsiyu/dshcs-ssh2@1.17.0':
    dependencies:
      asn1: 0.2.6
      bcrypt-pbkdf: 1.0.2
    optionalDependencies:
      cpu-features: '@jinsiyu/dshcs-cpu-features@0.0.10'
      nan: 2.28.0

  '@jinsiyu/dshcs-vscode-deviceid-linux-arm64@0.1.5':
    dependencies:
      fs-extra: 11.4.0
      uuid: 14.0.2
    optional: true

  '@jinsiyu/dshcs-vscode-deviceid-linux-x64@0.1.5':
    dependencies:
      fs-extra: 11.4.0
      uuid: 14.0.2
    optional: true

  '@jinsiyu/dshcs-vscode-deviceid-win32-arm64@0.1.5':
    dependencies:
      fs-extra: 11.4.0
      uuid: 14.0.2
    optional: true

  '@jinsiyu/dshcs-vscode-deviceid-win32-x64@0.1.5':
    dependencies:
      fs-extra: 11.4.0
      uuid: 14.0.2
    optional: true

  '@jinsiyu/dshcs-vscode-fs-copyfile@2.0.0':
    dependencies:
      node-addon-api: 7.1.1

  '@jinsiyu/dshcs-vscode-native-watchdog-linux-arm64@1.4.6':
    optional: true

  '@jinsiyu/dshcs-vscode-native-watchdog-linux-x64@1.4.6':
    optional: true

  '@jinsiyu/dshcs-vscode-native-watchdog-win32-arm64@1.4.6':
    optional: true

  '@jinsiyu/dshcs-vscode-native-watchdog-win32-x64@1.4.6':
    optional: true

  '@jinsiyu/dshcs-vscode-proxy-agent@0.44.0':
    dependencies:
      '@tootallnate/once': 3.0.1
      agent-base: 7.1.4
      debug: 4.4.3
      http-proxy-agent: 7.0.0
      https-proxy-agent: 7.0.2
      socks-proxy-agent: 8.0.5
      undici: 7.29.1
    optionalDependencies:
      '@vscode/windows-ca-certs': '@jinsiyu/dshcs-vscode-windows-ca-certs-win32-arm64@0.3.4'
    transitivePeerDependencies:
      - supports-color

  '@jinsiyu/dshcs-vscode-server@4.137.0': {}

  '@jinsiyu/dshcs-vscode-spdlog-linux-arm64@0.15.8':
    dependencies:
      bindings: 1.5.0
      mkdirp: 1.0.4
      node-addon-api: 7.1.0
    optional: true

  '@jinsiyu/dshcs-vscode-spdlog-linux-x64@0.15.8':
    dependencies:
      bindings: 1.5.0
      mkdirp: 1.0.4
      node-addon-api: 7.1.0
    optional: true

  '@jinsiyu/dshcs-vscode-spdlog-win32-arm64@0.15.8':
    dependencies:
      bindings: 1.5.0
      mkdirp: 1.0.4
      node-addon-api: 7.1.0
    optional: true

  '@jinsiyu/dshcs-vscode-spdlog-win32-x64@0.15.8':
    dependencies:
      bindings: 1.5.0
      mkdirp: 1.0.4
      node-addon-api: 7.1.0
    optional: true

  '@jinsiyu/dshcs-vscode-sqlite3-linux-arm64@5.1.12-vscode':
    dependencies:
      node-addon-api: 8.9.2
      tar: 7.5.22
    optional: true

  '@jinsiyu/dshcs-vscode-sqlite3-linux-x64@5.1.12-vscode':
    dependencies:
      node-addon-api: 8.9.2
      tar: 7.5.22
    optional: true

  '@jinsiyu/dshcs-vscode-sqlite3-win32-arm64@5.1.12-vscode':
    dependencies:
      node-addon-api: 8.9.2
      tar: 7.5.22
    optional: true

  '@jinsiyu/dshcs-vscode-sqlite3-win32-x64@5.1.12-vscode':
    dependencies:
      node-addon-api: 8.9.2
      tar: 7.5.22
    optional: true

  '@jinsiyu/dshcs-vscode-windows-ca-certs-win32-arm64@0.3.4':
    dependencies:
      node-addon-api: 8.9.2
    optional: true

  '@jinsiyu/dshcs-vscode-windows-ca-certs-win32-x64@0.3.4':
    dependencies:
      node-addon-api: 8.9.2
    optional: true

  '@jinsiyu/dshcs-vscode-windows-process-tree-win32-arm64@0.8.0':
    dependencies:
      node-addon-api: 7.1.0
    optional: true

  '@jinsiyu/dshcs-vscode-windows-process-tree-win32-x64@0.8.0':
    dependencies:
      node-addon-api: 7.1.0
    optional: true

  '@jinsiyu/dshcs-vscode-windows-registry-win32-arm64@1.2.0':
    optional: true

  '@jinsiyu/dshcs-vscode-windows-registry-win32-x64@1.2.0':
    optional: true

  '@koromix/koffi-darwin-arm64@3.1.2':
    optional: true

  '@koromix/koffi-darwin-x64@3.1.2':
    optional: true

  '@koromix/koffi-freebsd-arm64@3.1.2':
    optional: true

  '@koromix/koffi-freebsd-ia32@3.1.2':
    optional: true

  '@koromix/koffi-freebsd-x64@3.1.2':
    optional: true

  '@koromix/koffi-linux-arm64@3.1.2':
    optional: true

  '@koromix/koffi-linux-ia32@3.1.2':
    optional: true

  '@koromix/koffi-linux-loong64@3.1.2':
    optional: true

  '@koromix/koffi-linux-riscv64@3.1.2':
    optional: true

  '@koromix/koffi-linux-x64@3.1.2':
    optional: true

  '@koromix/koffi-openbsd-ia32@3.1.2':
    optional: true

  '@koromix/koffi-openbsd-x64@3.1.2':
    optional: true

  '@koromix/koffi-win32-arm64@3.1.2':
    optional: true

  '@koromix/koffi-win32-ia32@3.1.2':
    optional: true

  '@koromix/koffi-win32-x64@3.1.2':
    optional: true

  '@microsoft/1ds-core-js@3.2.13(tslib@2.8.1)':
    dependencies:
      '@microsoft/applicationinsights-core-js': 2.8.15(tslib@2.8.1)
      '@microsoft/applicationinsights-shims': 2.0.2
      '@microsoft/dynamicproto-js': 1.1.11
    transitivePeerDependencies:
      - tslib

  '@microsoft/1ds-post-js@3.2.13(tslib@2.8.1)':
    dependencies:
      '@microsoft/1ds-core-js': 3.2.13(tslib@2.8.1)
      '@microsoft/applicationinsights-shims': 2.0.2
      '@microsoft/dynamicproto-js': 1.1.11
    transitivePeerDependencies:
      - tslib

  '@microsoft/applicationinsights-core-js@2.8.15(tslib@2.8.1)':
    dependencies:
      '@microsoft/applicationinsights-shims': 2.0.2
      '@microsoft/dynamicproto-js': 1.1.11
      tslib: 2.8.1

  '@microsoft/applicationinsights-shims@2.0.2': {}

  '@microsoft/dynamicproto-js@1.1.11': {}

  '@parcel/watcher-android-arm64@2.5.6':
    optional: true

  '@parcel/watcher-darwin-arm64@2.5.6':
    optional: true

  '@parcel/watcher-darwin-x64@2.5.6':
    optional: true

  '@parcel/watcher-freebsd-x64@2.5.6':
    optional: true

  '@parcel/watcher-linux-arm-glibc@2.5.6':
    optional: true

  '@parcel/watcher-linux-arm-musl@2.5.6':
    optional: true

  '@parcel/watcher-linux-arm64-glibc@2.5.6':
    optional: true

  '@parcel/watcher-linux-arm64-musl@2.5.6':
    optional: true

  '@parcel/watcher-linux-x64-glibc@2.5.6':
    optional: true

  '@parcel/watcher-linux-x64-musl@2.5.6':
    optional: true

  '@parcel/watcher-win32-arm64@2.5.6':
    optional: true

  '@parcel/watcher-win32-ia32@2.5.6':
    optional: true

  '@parcel/watcher-win32-x64@2.5.6':
    optional: true

  '@pondwader/socks5-server@1.0.10': {}

  '@standard-schema/spec@1.1.0': {}

  '@tootallnate/once@3.0.1': {}

  '@vscode/iconv-lite-umd@0.7.1': {}

  '@vscode/ripgrep-universal@1.18.0': {}

  '@vscode/sandbox-runtime@0.0.1':
    dependencies:
      '@pondwader/socks5-server': 1.0.10
      commander: 12.1.0
      shell-quote: 1.10.0
      zod: 3.25.76

  '@vscode/tree-sitter-wasm@0.3.1': {}

  '@vscode/vscode-languagedetection@1.0.23': {}

  '@xterm/addon-clipboard@0.3.0-beta.302(@xterm/xterm@6.1.0-beta.303)':
    dependencies:
      '@xterm/xterm': 6.1.0-beta.303

  '@xterm/addon-image@0.10.0-beta.300(@xterm/xterm@6.1.0-beta.303)':
    dependencies:
      '@xterm/xterm': 6.1.0-beta.303

  '@xterm/addon-ligatures@0.11.0-beta.300(@xterm/xterm@6.1.0-beta.303)':
    dependencies:
      '@xterm/xterm': 6.1.0-beta.303
      lru-cache: 11.5.2
      opentype.js: 2.0.0

  '@xterm/addon-progress@0.3.0-beta.300(@xterm/xterm@6.1.0-beta.303)':
    dependencies:
      '@xterm/xterm': 6.1.0-beta.303

  '@xterm/addon-search@0.17.0-beta.300(@xterm/xterm@6.1.0-beta.303)':
    dependencies:
      '@xterm/xterm': 6.1.0-beta.303

  '@xterm/addon-serialize@0.15.0-beta.300(@xterm/xterm@6.1.0-beta.303)':
    dependencies:
      '@xterm/xterm': 6.1.0-beta.303

  '@xterm/addon-unicode11@0.10.0-beta.300(@xterm/xterm@6.1.0-beta.303)':
    dependencies:
      '@xterm/xterm': 6.1.0-beta.303

  '@xterm/addon-webgl@0.20.0-beta.299(@xterm/xterm@6.1.0-beta.303)':
    dependencies:
      '@xterm/xterm': 6.1.0-beta.303

  '@xterm/headless@6.1.0-beta.302': {}

  '@xterm/xterm@6.1.0-beta.303': {}

  agent-base@7.1.4: {}

  asn1@0.2.6:
    dependencies:
      safer-buffer: 2.1.2

  bcrypt-pbkdf@1.0.2:
    dependencies:
      tweetnacl: 0.14.5

  bindings@1.5.0:
    dependencies:
      file-uri-to-path: 1.0.0

  buffer-crc32@0.2.13: {}

  buildcheck@0.0.7: {}

  chownr@3.0.0: {}

  commander@12.1.0: {}

  cookie@0.7.2: {}

  debug@4.4.3:
    dependencies:
      ms: 2.1.3

  detect-libc@2.1.2: {}

  file-uri-to-path@1.0.0: {}

  fs-extra@11.4.0:
    dependencies:
      graceful-fs: 4.2.11
      jsonfile: 6.2.1
      universalify: 2.0.1

  graceful-fs@4.2.11: {}

  http-proxy-agent@7.0.0:
    dependencies:
      agent-base: 7.1.4
      debug: 4.4.3
    transitivePeerDependencies:
      - supports-color

  https-proxy-agent@7.0.2:
    dependencies:
      agent-base: 7.1.4
      debug: 4.4.3
    transitivePeerDependencies:
      - supports-color

  ip-address@10.7.0: {}

  is-extglob@2.1.1: {}

  is-glob@4.0.3:
    dependencies:
      is-extglob: 2.1.1

  jschardet@3.1.4: {}

  jsonfile@6.2.1:
    dependencies:
      universalify: 2.0.1
    optionalDependencies:
      graceful-fs: 4.2.11

  lru-cache@11.5.2: {}

  minimist@1.2.8: {}

  minipass@7.1.3: {}

  minizlib@3.1.0:
    dependencies:
      minipass: 7.1.3

  mkdirp@1.0.4: {}

  ms@2.1.3: {}

  nan@2.28.0: {}

  node-addon-api@6.1.0: {}

  node-addon-api@7.1.0:
    optional: true

  node-addon-api@7.1.1: {}

  node-addon-api@8.9.2:
    optional: true

  opentype.js@2.0.0: {}

  pend@1.2.0: {}

  picomatch@4.0.7: {}

  safer-buffer@2.1.2: {}

  semver@7.8.5: {}

  shell-quote@1.10.0: {}

  smart-buffer@4.2.0: {}

  socks-proxy-agent@8.0.5:
    dependencies:
      agent-base: 7.1.4
      debug: 4.4.3
      socks: 2.8.10
    transitivePeerDependencies:
      - supports-color

  socks@2.8.10:
    dependencies:
      ip-address: 10.7.0
      smart-buffer: 4.2.0

  tar@7.5.22:
    dependencies:
      '@isaacs/fs-minipass': 4.0.1
      chownr: 3.0.0
      minipass: 7.1.3
      minizlib: 3.1.0
      yallist: 5.0.0

  tas-client@0.4.3: {}

  tslib@2.8.1: {}

  tweetnacl@0.14.5: {}

  typescript@6.0.3: {}

  undici@7.29.1: {}

  universalify@2.0.1: {}

  uuid@14.0.2: {}

  vscode-oniguruma@1.7.0: {}

  vscode-regexpp@3.1.0: {}

  vscode-textmate@9.3.2: {}

  ws@8.21.0: {}

  yallist@5.0.0: {}

  yauzl@3.3.1:
    dependencies:
      buffer-crc32: 0.2.13
      pend: 1.2.0

  yazl@2.4.3:
    dependencies:
      buffer-crc32: 0.2.13

  zod@3.25.76: {}

  zod@4.4.3: {}
